
Microsoft Visual Studio Solution File, Format Version 12.00
# Visual Studio Version 17
VisualStudioVersion = 17.5.33530.505
MinimumVisualStudioVersion = 10.0.40219.1
Project("{9A19103F-16F7-4668-BE54-9A1E7A4F7556}") = "IntegradorAsaas.API", "IntegradorAsaas.API\IntegradorAsaas.API.csproj", "{6C376799-48BD-420D-A455-BF1074CA7F01}"
EndProject
Project("{9A19103F-16F7-4668-BE54-9A1E7A4F7556}") = "IntegradorAsaas.Aplicacao", "IntegradorAsaas.Aplicacao\IntegradorAsaas.Aplicacao.csproj", "{32CDC415-67C0-4FD5-8770-5A5379C6E4C8}"
EndProject
Project("{FAE04EC0-301F-11D3-BF4B-00C04F79EFBC}") = "IntegradorAsaas.Dominio", "IntegradorAsaas.Dominio\IntegradorAsaas.Dominio.csproj", "{402979FB-7068-4682-8A71-0101F96BFAE8}"
EndProject
Project("{FAE04EC0-301F-11D3-BF4B-00C04F79EFBC}") = "IntegradorAsaas.Ini", "IntegradorAsaas.Ini\IntegradorAsaas.Ini.csproj", "{94B67BDA-E4B1-4E1E-8F0F-9A087C9761C8}"
EndProject
Project("{FAE04EC0-301F-11D3-BF4B-00C04F79EFBC}") = "IntegradorAsaas.Repositorio", "IntegradorAsaas.Repositorio\IntegradorAsaas.Repositorio.csproj", "{56348DFA-A292-4730-9EE5-4B2BD7A07CD8}"
EndProject
Project("{FAE04EC0-301F-11D3-BF4B-00C04F79EFBC}") = "IntegradorAsaas.Tools", "IntegradorAsaas.Tools\IntegradorAsaas.Tools.csproj", "{838AE835-02F9-4B80-BBD8-AE531DCAAC1A}"
EndProject
Project("{FAE04EC0-301F-11D3-BF4B-00C04F79EFBC}") = "IntegradorAsaas.Service", "IntegradorAsaas.Service\IntegradorAsaas.Service.csproj", "{710037B4-B87D-4EAD-87A6-CC0B2DF87328}"
EndProject
Global
	GlobalSection(SolutionConfigurationPlatforms) = preSolution
		Debug|Any CPU = Debug|Any CPU
		Release|Any CPU = Release|Any CPU
	EndGlobalSection
	GlobalSection(ProjectConfigurationPlatforms) = postSolution
		{6C376799-48BD-420D-A455-BF1074CA7F01}.Debug|Any CPU.ActiveCfg = Debug|Any CPU
		{6C376799-48BD-420D-A455-BF1074CA7F01}.Debug|Any CPU.Build.0 = Debug|Any CPU
		{6C376799-48BD-420D-A455-BF1074CA7F01}.Release|Any CPU.ActiveCfg = Release|Any CPU
		{6C376799-48BD-420D-A455-BF1074CA7F01}.Release|Any CPU.Build.0 = Release|Any CPU
		{32CDC415-67C0-4FD5-8770-5A5379C6E4C8}.Debug|Any CPU.ActiveCfg = Debug|Any CPU
		{32CDC415-67C0-4FD5-8770-5A5379C6E4C8}.Debug|Any CPU.Build.0 = Debug|Any CPU
		{32CDC415-67C0-4FD5-8770-5A5379C6E4C8}.Release|Any CPU.ActiveCfg = Release|Any CPU
		{32CDC415-67C0-4FD5-8770-5A5379C6E4C8}.Release|Any CPU.Build.0 = Release|Any CPU
		{402979FB-7068-4682-8A71-0101F96BFAE8}.Debug|Any CPU.ActiveCfg = Debug|Any CPU
		{402979FB-7068-4682-8A71-0101F96BFAE8}.Debug|Any CPU.Build.0 = Debug|Any CPU
		{402979FB-7068-4682-8A71-0101F96BFAE8}.Release|Any CPU.ActiveCfg = Release|Any CPU
		{402979FB-7068-4682-8A71-0101F96BFAE8}.Release|Any CPU.Build.0 = Release|Any CPU
		{94B67BDA-E4B1-4E1E-8F0F-9A087C9761C8}.Debug|Any CPU.ActiveCfg = Debug|Any CPU
		{94B67BDA-E4B1-4E1E-8F0F-9A087C9761C8}.Debug|Any CPU.Build.0 = Debug|Any CPU
		{94B67BDA-E4B1-4E1E-8F0F-9A087C9761C8}.Release|Any CPU.ActiveCfg = Release|Any CPU
		{94B67BDA-E4B1-4E1E-8F0F-9A087C9761C8}.Release|Any CPU.Build.0 = Release|Any CPU
		{56348DFA-A292-4730-9EE5-4B2BD7A07CD8}.Debug|Any CPU.ActiveCfg = Debug|Any CPU
		{56348DFA-A292-4730-9EE5-4B2BD7A07CD8}.Debug|Any CPU.Build.0 = Debug|Any CPU
		{56348DFA-A292-4730-9EE5-4B2BD7A07CD8}.Release|Any CPU.ActiveCfg = Release|Any CPU
		{56348DFA-A292-4730-9EE5-4B2BD7A07CD8}.Release|Any CPU.Build.0 = Release|Any CPU
		{838AE835-02F9-4B80-BBD8-AE531DCAAC1A}.Debug|Any CPU.ActiveCfg = Debug|Any CPU
		{838AE835-02F9-4B80-BBD8-AE531DCAAC1A}.Debug|Any CPU.Build.0 = Debug|Any CPU
		{838AE835-02F9-4B80-BBD8-AE531DCAAC1A}.Release|Any CPU.ActiveCfg = Release|Any CPU
		{838AE835-02F9-4B80-BBD8-AE531DCAAC1A}.Release|Any CPU.Build.0 = Release|Any CPU
		{710037B4-B87D-4EAD-87A6-CC0B2DF87328}.Debug|Any CPU.ActiveCfg = Debug|Any CPU
		{710037B4-B87D-4EAD-87A6-CC0B2DF87328}.Debug|Any CPU.Build.0 = Debug|Any CPU
		{710037B4-B87D-4EAD-87A6-CC0B2DF87328}.Release|Any CPU.ActiveCfg = Release|Any CPU
		{710037B4-B87D-4EAD-87A6-CC0B2DF87328}.Release|Any CPU.Build.0 = Release|Any CPU
	EndGlobalSection
	GlobalSection(SolutionProperties) = preSolution
		HideSolutionNode = FALSE
	EndGlobalSection
	GlobalSection(ExtensibilityGlobals) = postSolution
		SolutionGuid = {26123411-9DE5-4BDA-B726-6D3E43E67CE4}
	EndGlobalSection
EndGlobal
